// !$*UTF8*$!
{
	archiveVersion = 1;
	classes = {
	};
	objectVersion = 51;
	objects = {

/* Begin PBXBuildFile section */
		831F7A527171BD07563CB549 /* Pods_Proiect1.framework in Frameworks */ = {isa = PBXBuildFile; fileRef = 05A5A4BB2F53B9B7D65FBCF6 /* Pods_Proiect1.framework */; };
		8F169A9E245EDB590077D053 /* AppDelegate.swift in Sources */ = {isa = PBXBuildFile; fileRef = 8F169A9D245EDB590077D053 /* AppDelegate.swift */; };
		8F169AA0245EDB590077D053 /* SceneDelegate.swift in Sources */ = {isa = PBXBuildFile; fileRef = 8F169A9F245EDB590077D053 /* SceneDelegate.swift */; };
		8F169AA2245EDB590077D053 /* ViewController.swift in Sources */ = {isa = PBXBuildFile; fileRef = 8F169AA1245EDB590077D053 /* ViewController.swift */; };
		8F169AA5245EDB590077D053 /* Main.storyboard in Resources */ = {isa = PBXBuildFile; fileRef = 8F169AA3245EDB590077D053 /* Main.storyboard */; };
		8F169AA7245EDB5B0077D053 /* Assets.xcassets in Resources */ = {isa = PBXBuildFile; fileRef = 8F169AA6245EDB5B0077D053 /* Assets.xcassets */; };
		8F169AAA245EDB5B0077D053 /* LaunchScreen.storyboard in Resources */ = {isa = PBXBuildFile; fileRef = 8F169AA8245EDB5B0077D053 /* LaunchScreen.storyboard */; };
		8F169AB2245EDDDD0077D053 /* CourseTableViewCell.swift in Sources */ = {isa = PBXBuildFile; fileRef = 8F169AB1245EDDDD0077D053 /* CourseTableViewCell.swift */; };
		8F169AB8245EE41D0077D053 /* Course.swift in Sources */ = {isa = PBXBuildFile; fileRef = 8F169AB7245EE41D0077D053 /* Course.swift */; };
		8F169ABA245EE8C70077D053 /* CourseTableViewController.swift in Sources */ = {isa = PBXBuildFile; fileRef = 8F169AB9245EE8C70077D053 /* CourseTableViewController.swift */; };
		8F169ABC245F50490077D053 /* ViewCourseViewController.swift in Sources */ = {isa = PBXBuildFile; fileRef = 8F169ABB245F50490077D053 /* ViewCourseViewController.swift */; };
		8F3F97E5247AFC19005C4558 /* AuthViewController.swift in Sources */ = {isa = PBXBuildFile; fileRef = 8F3F97E4247AFC19005C4558 /* AuthViewController.swift */; };
		8F3F97E7247B127E005C4558 /* QuestionTableViewCell.swift in Sources */ = {isa = PBXBuildFile; fileRef = 8F3F97E6247B127E005C4558 /* QuestionTableViewCell.swift */; };
		8F3F97E9247BB248005C4558 /* Question.swift in Sources */ = {isa = PBXBuildFile; fileRef = 8F3F97E8247BB248005C4558 /* Question.swift */; };
		8F3F97EB247BDBE3005C4558 /* AddQuestionViewController.swift in Sources */ = {isa = PBXBuildFile; fileRef = 8F3F97EA247BDBE3005C4558 /* AddQuestionViewController.swift */; };
		8F3F97EF247BF464005C4558 /* AnswersTableViewController.swift in Sources */ = {isa = PBXBuildFile; fileRef = 8F3F97EE247BF464005C4558 /* AnswersTableViewController.swift */; };
		8F3F97F1247BF4B9005C4558 /* Answer.swift in Sources */ = {isa = PBXBuildFile; fileRef = 8F3F97F0247BF4B9005C4558 /* Answer.swift */; };
		8F3F97F3247BF753005C4558 /* AnswerTableViewCell.swift in Sources */ = {isa = PBXBuildFile; fileRef = 8F3F97F2247BF753005C4558 /* AnswerTableViewCell.swift */; };
		8F3F97F5247BFC29005C4558 /* AddAnswerViewController.swift in Sources */ = {isa = PBXBuildFile; fileRef = 8F3F97F4247BFC29005C4558 /* AddAnswerViewController.swift */; };
		8F3F97F7247C0CCD005C4558 /* DoodleViewController.swift in Sources */ = {isa = PBXBuildFile; fileRef = 8F3F97F6247C0CCD005C4558 /* DoodleViewController.swift */; };
		8F3F97FF247D3E73005C4558 /* Podfile in Resources */ = {isa = PBXBuildFile; fileRef = 8F3F97FE247D3E73005C4558 /* Podfile */; };
		8F4A08E9247EA1DD005F7C10 /* GoogleService-Info.plist in Resources */ = {isa = PBXBuildFile; fileRef = 8F4A08E8247EA1DD005F7C10 /* GoogleService-Info.plist */; };
/* End PBXBuildFile section */

/* Begin PBXFileReference section */
		05A5A4BB2F53B9B7D65FBCF6 /* Pods_Proiect1.framework */ = {isa = PBXFileReference; explicitFileType = wrapper.framework; includeInIndex = 0; path = Pods_Proiect1.framework; sourceTree = BUILT_PRODUCTS_DIR; };
		8F169A9A245EDB590077D053 /* Proiect1.app */ = {isa = PBXFileReference; explicitFileType = wrapper.application; includeInIndex = 0; path = Proiect1.app; sourceTree = BUILT_PRODUCTS_DIR; };
		8F169A9D245EDB590077D053 /* AppDelegate.swift */ = {isa = PBXFileReference; lastKnownFileType = sourcecode.swift; path = AppDelegate.swift; sourceTree = "<group>"; };
		8F169A9F245EDB590077D053 /* SceneDelegate.swift */ = {isa = PBXFileReference; lastKnownFileType = sourcecode.swift; path = SceneDelegate.swift; sourceTree = "<group>"; };
		8F169AA1245EDB590077D053 /* ViewController.swift */ = {isa = PBXFileReference; lastKnownFileType = sourcecode.swift; path = ViewController.swift; sourceTree = "<group>"; };
		8F169AA4245EDB590077D053 /* Base */ = {isa = PBXFileReference; lastKnownFileType = file.storyboard; name = Base; path = Base.lproj/Main.storyboard; sourceTree = "<group>"; };
		8F169AA6245EDB5B0077D053 /* Assets.xcassets */ = {isa = PBXFileReference; lastKnownFileType = folder.assetcatalog; path = Assets.xcassets; sourceTree = "<group>"; };
		8F169AA9245EDB5B0077D053 /* Base */ = {isa = PBXFileReference; lastKnownFileType = file.storyboard; name = Base; path = Base.lproj/LaunchScreen.storyboard; sourceTree = "<group>"; };
		8F169AAB245EDB5B0077D053 /* Info.plist */ = {isa = PBXFileReference; lastKnownFileType = text.plist.xml; path = Info.plist; sourceTree = "<group>"; };
		8F169AB1245EDDDD0077D053 /* CourseTableViewCell.swift */ = {isa = PBXFileReference; lastKnownFileType = sourcecode.swift; path = CourseTableViewCell.swift; sourceTree = "<group>"; };
		8F169AB7245EE41D0077D053 /* Course.swift */ = {isa = PBXFileReference; lastKnownFileType = sourcecode.swift; path = Course.swift; sourceTree = "<group>"; };
		8F169AB9245EE8C70077D053 /* CourseTableViewController.swift */ = {isa = PBXFileReference; lastKnownFileType = sourcecode.swift; path = CourseTableViewController.swift; sourceTree = "<group>"; };
		8F169ABB245F50490077D053 /* ViewCourseViewController.swift */ = {isa = PBXFileReference; lastKnownFileType = sourcecode.swift; path = ViewCourseViewController.swift; sourceTree = "<group>"; };
		8F3F97E4247AFC19005C4558 /* AuthViewController.swift */ = {isa = PBXFileReference; lastKnownFileType = sourcecode.swift; path = AuthViewController.swift; sourceTree = "<group>"; };
		8F3F97E6247B127E005C4558 /* QuestionTableViewCell.swift */ = {isa = PBXFileReference; lastKnownFileType = sourcecode.swift; path = QuestionTableViewCell.swift; sourceTree = "<group>"; };
		8F3F97E8247BB248005C4558 /* Question.swift */ = {isa = PBXFileReference; lastKnownFileType = sourcecode.swift; path = Question.swift; sourceTree = "<group>"; };
		8F3F97EA247BDBE3005C4558 /* AddQuestionViewController.swift */ = {isa = PBXFileReference; lastKnownFileType = sourcecode.swift; path = AddQuestionViewController.swift; sourceTree = "<group>"; };
		8F3F97EE247BF464005C4558 /* AnswersTableViewController.swift */ = {isa = PBXFileReference; lastKnownFileType = sourcecode.swift; path = AnswersTableViewController.swift; sourceTree = "<group>"; };
		8F3F97F0247BF4B9005C4558 /* Answer.swift */ = {isa = PBXFileReference; lastKnownFileType = sourcecode.swift; path = Answer.swift; sourceTree = "<group>"; };
		8F3F97F2247BF753005C4558 /* AnswerTableViewCell.swift */ = {isa = PBXFileReference; lastKnownFileType = sourcecode.swift; path = AnswerTableViewCell.swift; sourceTree = "<group>"; };
		8F3F97F4247BFC29005C4558 /* AddAnswerViewController.swift */ = {isa = PBXFileReference; lastKnownFileType = sourcecode.swift; path = AddAnswerViewController.swift; sourceTree = "<group>"; };
		8F3F97F6247C0CCD005C4558 /* DoodleViewController.swift */ = {isa = PBXFileReference; lastKnownFileType = sourcecode.swift; path = DoodleViewController.swift; sourceTree = "<group>"; };
		8F3F97FE247D3E73005C4558 /* Podfile */ = {isa = PBXFileReference; fileEncoding = 4; lastKnownFileType = text; path = Podfile; sourceTree = SOURCE_ROOT; xcLanguageSpecificationIdentifier = xcode.lang.ruby; };
		8F4A08E8247EA1DD005F7C10 /* GoogleService-Info.plist */ = {isa = PBXFileReference; lastKnownFileType = text.plist; path = "GoogleService-Info.plist"; sourceTree = SOURCE_ROOT; };
		B431BA5DBE9EE132996FBB28 /* Pods-Proiect1.release.xcconfig */ = {isa = PBXFileReference; includeInIndex = 1; lastKnownFileType = text.xcconfig; name = "Pods-Proiect1.release.xcconfig"; path = "Target Support Files/Pods-Proiect1/Pods-Proiect1.release.xcconfig"; sourceTree = "<group>"; };
		D0DA49CD3760319DBA35B076 /* Pods-Proiect1.debug.xcconfig */ = {isa = PBXFileReference; includeInIndex = 1; lastKnownFileType = text.xcconfig; name = "Pods-Proiect1.debug.xcconfig"; path = "Target Support Files/Pods-Proiect1/Pods-Proiect1.debug.xcconfig"; sourceTree = "<group>"; };
/* End PBXFileReference section */

/* Begin PBXFrameworksBuildPhase section */
		8F169A97245EDB590077D053 /* Frameworks */ = {
			isa = PBXFrameworksBuildPhase;
			buildActionMask = 2147483647;
			files = (
				831F7A527171BD07563CB549 /* Pods_Proiect1.framework in Frameworks */,
			);
			runOnlyForDeploymentPostprocessing = 0;
		};
/* End PBXFrameworksBuildPhase section */

/* Begin PBXGroup section */
		8F169A91245EDB590077D053 = {
			isa = PBXGroup;
			children = (
				8F169A9C245EDB590077D053 /* Proiect1 */,
				8F169A9B245EDB590077D053 /* Products */,
				C8E41464EA0F3F338634489F /* Pods */,
				D4056B3DB0344D45333674ED /* Frameworks */,
			);
			sourceTree = "<group>";
		};
		8F169A9B245EDB590077D053 /* Products */ = {
			isa = PBXGroup;
			children = (
				8F169A9A245EDB590077D053 /* Proiect1.app */,
			);
			name = Products;
			sourceTree = "<group>";
		};
		8F169A9C245EDB590077D053 /* Proiect1 */ = {
			isa = PBXGroup;
			children = (
				8F169A9D245EDB590077D053 /* AppDelegate.swift */,
				8F169A9F245EDB590077D053 /* SceneDelegate.swift */,
				8F3F97E4247AFC19005C4558 /* AuthViewController.swift */,
				8F169AB9245EE8C70077D053 /* CourseTableViewController.swift */,
				8F169AB1245EDDDD0077D053 /* CourseTableViewCell.swift */,
				8F169AB7245EE41D0077D053 /* Course.swift */,
				8F169AA1245EDB590077D053 /* ViewController.swift */,
				8F3F97F6247C0CCD005C4558 /* DoodleViewController.swift */,
				8F169AA3245EDB590077D053 /* Main.storyboard */,
				8F169ABB245F50490077D053 /* ViewCourseViewController.swift */,
				8F3F97E6247B127E005C4558 /* QuestionTableViewCell.swift */,
				8F3F97EA247BDBE3005C4558 /* AddQuestionViewController.swift */,
				8F3F97E8247BB248005C4558 /* Question.swift */,
				8F3F97EE247BF464005C4558 /* AnswersTableViewController.swift */,
				8F3F97F2247BF753005C4558 /* AnswerTableViewCell.swift */,
				8F3F97F4247BFC29005C4558 /* AddAnswerViewController.swift */,
				8F3F97F0247BF4B9005C4558 /* Answer.swift */,
				8F169AA6245EDB5B0077D053 /* Assets.xcassets */,
				8F4A08E8247EA1DD005F7C10 /* GoogleService-Info.plist */,
				8F169AA8245EDB5B0077D053 /* LaunchScreen.storyboard */,
				8F3F97FE247D3E73005C4558 /* Podfile */,
				8F169AAB245EDB5B0077D053 /* Info.plist */,
			);
			path = Proiect1;
			sourceTree = "<group>";
		};
		C8E41464EA0F3F338634489F /* Pods */ = {
			isa = PBXGroup;
			children = (
				D0DA49CD3760319DBA35B076 /* Pods-Proiect1.debug.xcconfig */,
				B431BA5DBE9EE132996FBB28 /* Pods-Proiect1.release.xcconfig */,
			);
			path = Pods;
			sourceTree = "<group>";
		};
		D4056B3DB0344D45333674ED /* Frameworks */ = {
			isa = PBXGroup;
			children = (
				05A5A4BB2F53B9B7D65FBCF6 /* Pods_Proiect1.framework */,
			);
			name = Frameworks;
			sourceTree = "<group>";
		};
/* End PBXGroup section */

/* Begin PBXNativeTarget section */
		8F169A99245EDB590077D053 /* Proiect1 */ = {
			isa = PBXNativeTarget;
			buildConfigurationList = 8F169AAE245EDB5B0077D053 /* Build configuration list for PBXNativeTarget "Proiect1" */;
			buildPhases = (
				4073769F0DBA1E8531F9E55C /* [CP] Check Pods Manifest.lock */,
				8F169A96245EDB590077D053 /* Sources */,
				8F169A97245EDB590077D053 /* Frameworks */,
				8F169A98245EDB590077D053 /* Resources */,
				1DA1A92ED3FA12DBAF037F7C /* [CP] Embed Pods Frameworks */,
				A17B2EF51D75C5E14BA0CFE3 /* [CP] Copy Pods Resources */,
			);
			buildRules = (
			);
			dependencies = (
			);
			name = Proiect1;
			productName = Proiect1;
			productReference = 8F169A9A245EDB590077D053 /* Proiect1.app */;
			productType = "com.apple.product-type.application";
		};
/* End PBXNativeTarget section */

/* Begin PBXProject section */
		8F169A92245EDB590077D053 /* Project object */ = {
			isa = PBXProject;
			attributes = {
				LastSwiftUpdateCheck = 1140;
				LastUpgradeCheck = 1140;
				ORGANIZATIONNAME = "Dana Tudor";
				TargetAttributes = {
					8F169A99245EDB590077D053 = {
						CreatedOnToolsVersion = 11.4;
					};
				};
			};
			buildConfigurationList = 8F169A95245EDB590077D053 /* Build configuration list for PBXProject "Proiect1" */;
			compatibilityVersion = "Xcode 9.3";
			developmentRegion = en;
			hasScannedForEncodings = 0;
			knownRegions = (
				en,
				Base,
			);
			mainGroup = 8F169A91245EDB590077D053;
			productRefGroup = 8F169A9B245EDB590077D053 /* Products */;
			projectDirPath = "";
			projectRoot = "";
			targets = (
				8F169A99245EDB590077D053 /* Proiect1 */,
			);
		};
/* End PBXProject section */

/* Begin PBXResourcesBuildPhase section */
		8F169A98245EDB590077D053 /* Resources */ = {
			isa = PBXResourcesBuildPhase;
			buildActionMask = 2147483647;
			files = (
				8F3F97FF247D3E73005C4558 /* Podfile in Resources */,
				8F169AAA245EDB5B0077D053 /* LaunchScreen.storyboard in Resources */,
				8F4A08E9247EA1DD005F7C10 /* GoogleService-Info.plist in Resources */,
				8F169AA7245EDB5B0077D053 /* Assets.xcassets in Resources */,
				8F169AA5245EDB590077D053 /* Main.storyboard in Resources */,
			);
			runOnlyForDeploymentPostprocessing = 0;
		};
/* End PBXResourcesBuildPhase section */

/* Begin PBXShellScriptBuildPhase section */
		1DA1A92ED3FA12DBAF037F7C /* [CP] Embed Pods Frameworks */ = {
			isa = PBXShellScriptBuildPhase;
			buildActionMask = 2147483647;
			files = (
			);
			inputFileListPaths = (
				"${PODS_ROOT}/Target Support Files/Pods-Proiect1/Pods-Proiect1-frameworks-${CONFIGURATION}-input-files.xcfilelist",
			);
			name = "[CP] Embed Pods Frameworks";
			outputFileListPaths = (
				"${PODS_ROOT}/Target Support Files/Pods-Proiect1/Pods-Proiect1-frameworks-${CONFIGURATION}-output-files.xcfilelist",
			);
			runOnlyForDeploymentPostprocessing = 0;
			shellPath = /bin/sh;
			shellScript = "\"${PODS_ROOT}/Target Support Files/Pods-Proiect1/Pods-Proiect1-frameworks.sh\"\n";
			showEnvVarsInLog = 0;
		};
		4073769F0DBA1E8531F9E55C /* [CP] Check Pods Manifest.lock */ = {
			isa = PBXShellScriptBuildPhase;
			buildActionMask = 2147483647;
			files = (
			);
			inputFileListPaths = (
			);
			inputPaths = (
				"${PODS_PODFILE_DIR_PATH}/Podfile.lock",
				"${PODS_ROOT}/Manifest.lock",
			);
			name = "[CP] Check Pods Manifest.lock";
			outputFileListPaths = (
			);
			outputPaths = (
				"$(DERIVED_FILE_DIR)/Pods-Proiect1-checkManifestLockResult.txt",
			);
			runOnlyForDeploymentPostprocessing = 0;
			shellPath = /bin/sh;
			shellScript = "diff \"${PODS_PODFILE_DIR_PATH}/Podfile.lock\" \"${PODS_ROOT}/Manifest.lock\" > /dev/null\nif [ $? != 0 ] ; then\n    # print error to STDERR\n    echo \"error: The sandbox is not in sync with the Podfile.lock. Run 'pod install' or update your CocoaPods installation.\" >&2\n    exit 1\nfi\n# This output is used by Xcode 'outputs' to avoid re-running this script phase.\necho \"SUCCESS\" > \"${SCRIPT_OUTPUT_FILE_0}\"\n";
			showEnvVarsInLog = 0;
		};
		A17B2EF51D75C5E14BA0CFE3 /* [CP] Copy Pods Resources */ = {
			isa = PBXShellScriptBuildPhase;
			buildActionMask = 2147483647;
			files = (
			);
			inputFileListPaths = (
				"${PODS_ROOT}/Target Support Files/Pods-Proiect1/Pods-Proiect1-resources-${CONFIGURATION}-input-files.xcfilelist",
			);
			name = "[CP] Copy Pods Resources";
			outputFileListPaths = (
				"${PODS_ROOT}/Target Support Files/Pods-Proiect1/Pods-Proiect1-resources-${CONFIGURATION}-output-files.xcfilelist",
			);
			runOnlyForDeploymentPostprocessing = 0;
			shellPath = /bin/sh;
			shellScript = "\"${PODS_ROOT}/Target Support Files/Pods-Proiect1/Pods-Proiect1-resources.sh\"\n";
			showEnvVarsInLog = 0;
		};
/* End PBXShellScriptBuildPhase section */

/* Begin PBXSourcesBuildPhase section */
		8F169A96245EDB590077D053 /* Sources */ = {
			isa = PBXSourcesBuildPhase;
			buildActionMask = 2147483647;
			files = (
				8F3F97E5247AFC19005C4558 /* AuthViewController.swift in Sources */,
				8F169AB8245EE41D0077D053 /* Course.swift in Sources */,
				8F169AB2245EDDDD0077D053 /* CourseTableViewCell.swift in Sources */,
				8F169AA2245EDB590077D053 /* ViewController.swift in Sources */,
				8F169ABC245F50490077D053 /* ViewCourseViewController.swift in Sources */,
				8F169A9E245EDB590077D053 /* AppDelegate.swift in Sources */,
				8F3F97F1247BF4B9005C4558 /* Answer.swift in Sources */,
				8F3F97F5247BFC29005C4558 /* AddAnswerViewController.swift in Sources */,
				8F3F97E9247BB248005C4558 /* Question.swift in Sources */,
				8F169ABA245EE8C70077D053 /* CourseTableViewController.swift in Sources */,
				8F3F97E7247B127E005C4558 /* QuestionTableViewCell.swift in Sources */,
				8F3F97F7247C0CCD005C4558 /* DoodleViewController.swift in Sources */,
				8F3F97F3247BF753005C4558 /* AnswerTableViewCell.swift in Sources */,
				8F169AA0245EDB590077D053 /* SceneDelegate.swift in Sources */,
				8F3F97EB247BDBE3005C4558 /* AddQuestionViewController.swift in Sources */,
				8F3F97EF247BF464005C4558 /* AnswersTableViewController.swift in Sources */,
			);
			runOnlyForDeploymentPostprocessing = 0;
		};
/* End PBXSourcesBuildPhase section */

/* Begin PBXVariantGroup section */
		8F169AA3245EDB590077D053 /* Main.storyboard */ = {
			isa = PBXVariantGroup;
			children = (
				8F169AA4245EDB590077D053 /* Base */,
			);
			name = Main.storyboard;
			sourceTree = "<group>";
		};
		8F169AA8245EDB5B0077D053 /* LaunchScreen.storyboard */ = {
			isa = PBXVariantGroup;
			children = (
				8F169AA9245EDB5B0077D053 /* Base */,
			);
			name = LaunchScreen.storyboard;
			sourceTree = "<group>";
		};
/* End PBXVariantGroup section */

/* Begin XCBuildConfiguration section */
		8F169AAC245EDB5B0077D053 /* Debug */ = {
			isa = XCBuildConfiguration;
			buildSettings = {
				ALWAYS_SEARCH_USER_PATHS = NO;
				CLANG_ANALYZER_NONNULL = YES;
				CLANG_ANALYZER_NUMBER_OBJECT_CONVERSION = YES_AGGRESSIVE;
				CLANG_CXX_LANGUAGE_STANDARD = "gnu++14";
				CLANG_CXX_LIBRARY = "libc++";
				CLANG_ENABLE_MODULES = YES;
				CLANG_ENABLE_OBJC_ARC = YES;
				CLANG_ENABLE_OBJC_WEAK = YES;
				CLANG_WARN_BLOCK_CAPTURE_AUTORELEASING = YES;
				CLANG_WARN_BOOL_CONVERSION = YES;
				CLANG_WARN_COMMA = YES;
				CLANG_WARN_CONSTANT_CONVERSION = YES;
				CLANG_WARN_DEPRECATED_OBJC_IMPLEMENTATIONS = YES;
				CLANG_WARN_DIRECT_OBJC_ISA_USAGE = YES_ERROR;
				CLANG_WARN_DOCUMENTATION_COMMENTS = YES;
				CLANG_WARN_EMPTY_BODY = YES;
				CLANG_WARN_ENUM_CONVERSION = YES;
				CLANG_WARN_INFINITE_RECURSION = YES;
				CLANG_WARN_INT_CONVERSION = YES;
				CLANG_WARN_NON_LITERAL_NULL_CONVERSION = YES;
				CLANG_WARN_OBJC_IMPLICIT_RETAIN_SELF = YES;
				CLANG_WARN_OBJC_LITERAL_CONVERSION = YES;
				CLANG_WARN_OBJC_ROOT_CLASS = YES_ERROR;
				CLANG_WARN_RANGE_LOOP_ANALYSIS = YES;
				CLANG_WARN_STRICT_PROTOTYPES = YES;
				CLANG_WARN_SUSPICIOUS_MOVE = YES;
				CLANG_WARN_UNGUARDED_AVAILABILITY = YES_AGGRESSIVE;
				CLANG_WARN_UNREACHABLE_CODE = YES;
				CLANG_WARN__DUPLICATE_METHOD_MATCH = YES;
				COPY_PHASE_STRIP = NO;
				DEBUG_INFORMATION_FORMAT = dwarf;
				ENABLE_STRICT_OBJC_MSGSEND = YES;
				ENABLE_TESTABILITY = YES;
				GCC_C_LANGUAGE_STANDARD = gnu11;
				GCC_DYNAMIC_NO_PIC = NO;
				GCC_NO_COMMON_BLOCKS = YES;
				GCC_OPTIMIZATION_LEVEL = 0;
				GCC_PREPROCESSOR_DEFINITIONS = (
					"DEBUG=1",
					"$(inherited)",
				);
				GCC_WARN_64_TO_32_BIT_CONVERSION = YES;
				GCC_WARN_ABOUT_RETURN_TYPE = YES_ERROR;
				GCC_WARN_UNDECLARED_SELECTOR = YES;
				GCC_WARN_UNINITIALIZED_AUTOS = YES_AGGRESSIVE;
				GCC_WARN_UNUSED_FUNCTION = YES;
				GCC_WARN_UNUSED_VARIABLE = YES;
				IPHONEOS_DEPLOYMENT_TARGET = 13.4;
				MTL_ENABLE_DEBUG_INFO = INCLUDE_SOURCE;
				MTL_FAST_MATH = YES;
				ONLY_ACTIVE_ARCH = YES;
				SDKROOT = iphoneos;
				SWIFT_ACTIVE_COMPILATION_CONDITIONS = DEBUG;
				SWIFT_OPTIMIZATION_LEVEL = "-Onone";
			};
			name = Debug;
		};
		8F169AAD245EDB5B0077D053 /* Release */ = {
			isa = XCBuildConfiguration;
			buildSettings = {
				ALWAYS_SEARCH_USER_PATHS = NO;
				CLANG_ANALYZER_NONNULL = YES;
				CLANG_ANALYZER_NUMBER_OBJECT_CONVERSION = YES_AGGRESSIVE;
				CLANG_CXX_LANGUAGE_STANDARD = "gnu++14";
				CLANG_CXX_LIBRARY = "libc++";
				CLANG_ENABLE_MODULES = YES;
				CLANG_ENABLE_OBJC_ARC = YES;
				CLANG_ENABLE_OBJC_WEAK = YES;
				CLANG_WARN_BLOCK_CAPTURE_AUTORELEASING = YES;
				CLANG_WARN_BOOL_CONVERSION = YES;
				CLANG_WARN_COMMA = YES;
				CLANG_WARN_CONSTANT_CONVERSION = YES;
				CLANG_WARN_DEPRECATED_OBJC_IMPLEMENTATIONS = YES;
				CLANG_WARN_DIRECT_OBJC_ISA_USAGE = YES_ERROR;
				CLANG_WARN_DOCUMENTATION_COMMENTS = YES;
				CLANG_WARN_EMPTY_BODY = YES;
				CLANG_WARN_ENUM_CONVERSION = YES;
				CLANG_WARN_INFINITE_RECURSION = YES;
				CLANG_WARN_INT_CONVERSION = YES;
				CLANG_WARN_NON_LITERAL_NULL_CONVERSION = YES;
				CLANG_WARN_OBJC_IMPLICIT_RETAIN_SELF = YES;
				CLANG_WARN_OBJC_LITERAL_CONVERSION = YES;
				CLANG_WARN_OBJC_ROOT_CLASS = YES_ERROR;
				CLANG_WARN_RANGE_LOOP_ANALYSIS = YES;
				CLANG_WARN_STRICT_PROTOTYPES = YES;
				CLANG_WARN_SUSPICIOUS_MOVE = YES;
				CLANG_WARN_UNGUARDED_AVAILABILITY = YES_AGGRESSIVE;
				CLANG_WARN_UNREACHABLE_CODE = YES;
				CLANG_WARN__DUPLICATE_METHOD_MATCH = YES;
				COPY_PHASE_STRIP = NO;
				DEBUG_INFORMATION_FORMAT = "dwarf-with-dsym";
				ENABLE_NS_ASSERTIONS = NO;
				ENABLE_STRICT_OBJC_MSGSEND = YES;
				GCC_C_LANGUAGE_STANDARD = gnu11;
				GCC_NO_COMMON_BLOCKS = YES;
				GCC_WARN_64_TO_32_BIT_CONVERSION = YES;
				GCC_WARN_ABOUT_RETURN_TYPE = YES_ERROR;
				GCC_WARN_UNDECLARED_SELECTOR = YES;
				GCC_WARN_UNINITIALIZED_AUTOS = YES_AGGRESSIVE;
				GCC_WARN_UNUSED_FUNCTION = YES;
				GCC_WARN_UNUSED_VARIABLE = YES;
				IPHONEOS_DEPLOYMENT_TARGET = 13.4;
				MTL_ENABLE_DEBUG_INFO = NO;
				MTL_FAST_MATH = YES;
				SDKROOT = iphoneos;
				SWIFT_COMPILATION_MODE = wholemodule;
				SWIFT_OPTIMIZATION_LEVEL = "-O";
				VALIDATE_PRODUCT = YES;
			};
			name = Release;
		};
		8F169AAF245EDB5B0077D053 /* Debug */ = {
			isa = XCBuildConfiguration;
			baseConfigurationReference = D0DA49CD3760319DBA35B076 /* Pods-Proiect1.debug.xcconfig */;
			buildSettings = {
				ASSETCATALOG_COMPILER_APPICON_NAME = AppIcon;
				CODE_SIGN_STYLE = Manual;
				DEVELOPMENT_TEAM = "";
				INFOPLIST_FILE = Proiect1/Info.plist;
				LD_RUNPATH_SEARCH_PATHS = (
					"$(inherited)",
					"@executable_path/Frameworks",
				);
				PRODUCT_BUNDLE_IDENTIFIER = danatudor.Proiect1;
				PRODUCT_NAME = "$(TARGET_NAME)";
				PROVISIONING_PROFILE_SPECIFIER = "";
				SWIFT_VERSION = 5.0;
				TARGETED_DEVICE_FAMILY = "1,2";
			};
			name = Debug;
		};
		8F169AB0245EDB5B0077D053 /* Release */ = {
			isa = XCBuildConfiguration;
			baseConfigurationReference = B431BA5DBE9EE132996FBB28 /* Pods-Proiect1.release.xcconfig */;
			buildSettings = {
				ASSETCATALOG_COMPILER_APPICON_NAME = AppIcon;
				CODE_SIGN_STYLE = Manual;
				DEVELOPMENT_TEAM = "";
				INFOPLIST_FILE = Proiect1/Info.plist;
				LD_RUNPATH_SEARCH_PATHS = (
					"$(inherited)",
					"@executable_path/Frameworks",
				);
				PRODUCT_BUNDLE_IDENTIFIER = danatudor.Proiect1;
				PRODUCT_NAME = "$(TARGET_NAME)";
				PROVISIONING_PROFILE_SPECIFIER = "";
				SWIFT_VERSION = 5.0;
				TARGETED_DEVICE_FAMILY = "1,2";
			};
			name = Release;
		};
/* End XCBuildConfiguration section */

/* Begin XCConfigurationList section */
		8F169A95245EDB590077D053 /* Build configuration list for PBXProject "Proiect1" */ = {
			isa = XCConfigurationList;
			buildConfigurations = (
				8F169AAC245EDB5B0077D053 /* Debug */,
				8F169AAD245EDB5B0077D053 /* Release */,
			);
			defaultConfigurationIsVisible = 0;
			defaultConfigurationName = Release;
		};
		8F169AAE245EDB5B0077D053 /* Build configuration list for PBXNativeTarget "Proiect1" */ = {
			isa = XCConfigurationList;
			buildConfigurations = (
				8F169AAF245EDB5B0077D053 /* Debug */,
				8F169AB0245EDB5B0077D053 /* Release */,
			);
			defaultConfigurationIsVisible = 0;
			defaultConfigurationName = Release;
		};
/* End XCConfigurationList section */
	};
	rootObject = 8F169A92245EDB590077D053 /* Project object */;
}
